
Microsoft Visual Studio Solution File, Format Version 12.00
# Visual Studio Version 16
VisualStudioVersion = 16.0.32630.194
MinimumVisualStudioVersion = 10.0.40219.1
Project("{FAE04EC0-301F-11D3-BF4B-00C04F79EFBC}") = "All towers are supermonkey", "All towers are supermonkey.csproj", "{4E415315-3633-474D-A543-0B519DB180FB}"
EndProject
Global
	GlobalSection(SolutionConfigurationPlatforms) = preSolution
		Debug|Any CPU = Debug|Any CPU
		Release|Any CPU = Release|Any CPU
	EndGlobalSection
	GlobalSection(ProjectConfigurationPlatforms) = postSolution
		{4E415315-3633-474D-A543-0B519DB180FB}.Debug|Any CPU.ActiveCfg = Debug|Any CPU
		{4E415315-3633-474D-A543-0B519DB180FB}.Debug|Any CPU.Build.0 = Debug|Any CPU
		{4E415315-3633-474D-A543-0B519DB180FB}.Release|Any CPU.ActiveCfg = Release|Any CPU
		{4E415315-3633-474D-A543-0B519DB180FB}.Release|Any CPU.Build.0 = Release|Any CPU
	EndGlobalSection
	GlobalSection(SolutionProperties) = preSolution
		HideSolutionNode = FALSE
	EndGlobalSection
	GlobalSection(ExtensibilityGlobals) = postSolution
		SolutionGuid = {DE03BD76-243B-4728-B3B3-C5B12BF97723}
	EndGlobalSection
EndGlobal
