
Microsoft Visual Studio Solution File, Format Version 12.00
# Visual Studio Version 16
VisualStudioVersion = 16.0.32630.194
MinimumVisualStudioVersion = 10.0.40219.1
Project("{FAE04EC0-301F-11D3-BF4B-00C04F79EFBC}") = "True Sun God Tower", "True Sun God Tower.csproj", "{DCB7D787-E994-41C0-BA86-A0B979BC9DCC}"
EndProject
Global
	GlobalSection(SolutionConfigurationPlatforms) = preSolution
		Debug|Any CPU = Debug|Any CPU
		Release|Any CPU = Release|Any CPU
	EndGlobalSection
	GlobalSection(ProjectConfigurationPlatforms) = postSolution
		{DCB7D787-E994-41C0-BA86-A0B979BC9DCC}.Debug|Any CPU.ActiveCfg = Debug|Any CPU
		{DCB7D787-E994-41C0-BA86-A0B979BC9DCC}.Debug|Any CPU.Build.0 = Debug|Any CPU
		{DCB7D787-E994-41C0-BA86-A0B979BC9DCC}.Release|Any CPU.ActiveCfg = Release|Any CPU
		{DCB7D787-E994-41C0-BA86-A0B979BC9DCC}.Release|Any CPU.Build.0 = Release|Any CPU
	EndGlobalSection
	GlobalSection(SolutionProperties) = preSolution
		HideSolutionNode = FALSE
	EndGlobalSection
	GlobalSection(ExtensibilityGlobals) = postSolution
		SolutionGuid = {DD2CEE51-93E5-4C61-BD1A-BC435F22CD83}
	EndGlobalSection
EndGlobal
